
Microsoft Visual Studio Solution File, Format Version 12.00
# Visual Studio Version 16
VisualStudioVersion = 16.0.29020.237
MinimumVisualStudioVersion = 10.0.40219.1
Project("{FAE04EC0-301F-11D3-BF4B-00C04F79EFBC}") = "Server", "Server\Server.csproj", "{A97B74DD-9D1D-4A2B-92FE-4729C4778E78}"
EndProject
Project("{FAE04EC0-301F-11D3-BF4B-00C04F79EFBC}") = "Client", "Client\Client.csproj", "{917DFDEA-3C1D-4B62-ADC5-E811770514FE}"
EndProject
Project("{FAE04EC0-301F-11D3-BF4B-00C04F79EFBC}") = "Shared", "Shared\Shared.csproj", "{D0D1D6A9-7E3C-4EED-8C97-225ABCEAA483}"
EndProject
Global
	GlobalSection(SolutionConfigurationPlatforms) = preSolution
		Debug|Any CPU = Debug|Any CPU
		Release|Any CPU = Release|Any CPU
	EndGlobalSection
	GlobalSection(ProjectConfigurationPlatforms) = postSolution
		{A97B74DD-9D1D-4A2B-92FE-4729C4778E78}.Debug|Any CPU.ActiveCfg = Debug|Any CPU
		{A97B74DD-9D1D-4A2B-92FE-4729C4778E78}.Debug|Any CPU.Build.0 = Debug|Any CPU
		{A97B74DD-9D1D-4A2B-92FE-4729C4778E78}.Release|Any CPU.ActiveCfg = Release|Any CPU
		{A97B74DD-9D1D-4A2B-92FE-4729C4778E78}.Release|Any CPU.Build.0 = Release|Any CPU
		{917DFDEA-3C1D-4B62-ADC5-E811770514FE}.Debug|Any CPU.ActiveCfg = Debug|Any CPU
		{917DFDEA-3C1D-4B62-ADC5-E811770514FE}.Debug|Any CPU.Build.0 = Debug|Any CPU
		{917DFDEA-3C1D-4B62-ADC5-E811770514FE}.Release|Any CPU.ActiveCfg = Release|Any CPU
		{917DFDEA-3C1D-4B62-ADC5-E811770514FE}.Release|Any CPU.Build.0 = Release|Any CPU
		{D0D1D6A9-7E3C-4EED-8C97-225ABCEAA483}.Debug|Any CPU.ActiveCfg = Debug|Any CPU
		{D0D1D6A9-7E3C-4EED-8C97-225ABCEAA483}.Debug|Any CPU.Build.0 = Debug|Any CPU
		{D0D1D6A9-7E3C-4EED-8C97-225ABCEAA483}.Release|Any CPU.ActiveCfg = Release|Any CPU
		{D0D1D6A9-7E3C-4EED-8C97-225ABCEAA483}.Release|Any CPU.Build.0 = Release|Any CPU
	EndGlobalSection
	GlobalSection(SolutionProperties) = preSolution
		HideSolutionNode = FALSE
	EndGlobalSection
	GlobalSection(ExtensibilityGlobals) = postSolution
		SolutionGuid = {D98E4D6D-3889-4E3D-9325-48F4F6C53A87}
	EndGlobalSection
EndGlobal
